
Microsoft Visual Studio Solution File, Format Version 12.00
# Visual Studio Version 17
VisualStudioVersion = 17.4.33110.190
MinimumVisualStudioVersion = 10.0.40219.1
Project("{FAE04EC0-301F-11D3-BF4B-00C04F79EFBC}") = "WeatherApplication", "WeatherApplication\WeatherApplication.csproj", "{ADE03E1E-98A2-4026-9AD5-7AEA814853AC}"
EndProject
Global
	GlobalSection(SolutionConfigurationPlatforms) = preSolution
		Debug|Any CPU = Debug|Any CPU
		Release|Any CPU = Release|Any CPU
	EndGlobalSection
	GlobalSection(ProjectConfigurationPlatforms) = postSolution
		{ADE03E1E-98A2-4026-9AD5-7AEA814853AC}.Debug|Any CPU.ActiveCfg = Debug|Any CPU
		{ADE03E1E-98A2-4026-9AD5-7AEA814853AC}.Debug|Any CPU.Build.0 = Debug|Any CPU
		{ADE03E1E-98A2-4026-9AD5-7AEA814853AC}.Release|Any CPU.ActiveCfg = Release|Any CPU
		{ADE03E1E-98A2-4026-9AD5-7AEA814853AC}.Release|Any CPU.Build.0 = Release|Any CPU
	EndGlobalSection
	GlobalSection(SolutionProperties) = preSolution
		HideSolutionNode = FALSE
	EndGlobalSection
	GlobalSection(ExtensibilityGlobals) = postSolution
		SolutionGuid = {8C9E63A9-7A81-4F02-88E3-9605BC775C49}
	EndGlobalSection
EndGlobal
